// !$*UTF8*$!
{
	archiveVersion = 1;
	classes = {
	};
	objectVersion = 46;
	objects = {

/* Begin PBXBuildFile section */
		1FB6B83F15ADF7670065D216 /* UIKit.framework in Frameworks */ = {isa = PBXBuildFile; fileRef = 1FB6B83E15ADF7670065D216 /* UIKit.framework */; };
		1FB6B84115ADF7670065D216 /* Foundation.framework in Frameworks */ = {isa = PBXBuildFile; fileRef = 1FB6B84015ADF7670065D216 /* Foundation.framework */; };
		1FB6B84315ADF7670065D216 /* CoreGraphics.framework in Frameworks */ = {isa = PBXBuildFile; fileRef = 1FB6B84215ADF7670065D216 /* CoreGraphics.framework */; };
		1FB6B84915ADF7670065D216 /* InfoPlist.strings in Resources */ = {isa = PBXBuildFile; fileRef = 1FB6B84715ADF7670065D216 /* InfoPlist.strings */; };
		1FB6B84B15ADF7670065D216 /* main.m in Sources */ = {isa = PBXBuildFile; fileRef = 1FB6B84A15ADF7670065D216 /* main.m */; };
		1FB6B84F15ADF7670065D216 /* AppDelegate.m in Sources */ = {isa = PBXBuildFile; fileRef = 1FB6B84E15ADF7670065D216 /* AppDelegate.m */; };
		1FB6B85215ADF7670065D216 /* MainStoryboard_iPhone.storyboard in Resources */ = {isa = PBXBuildFile; fileRef = 1FB6B85015ADF7670065D216 /* MainStoryboard_iPhone.storyboard */; };
		1FB6B85515ADF7670065D216 /* MainStoryboard_iPad.storyboard in Resources */ = {isa = PBXBuildFile; fileRef = 1FB6B85315ADF7670065D216 /* MainStoryboard_iPad.storyboard */; };
		1FB6B85815ADF7670065D216 /* ViewController.m in Sources */ = {isa = PBXBuildFile; fileRef = 1FB6B85715ADF7670065D216 /* ViewController.m */; };
		1FB6B86015ADF7670065D216 /* SenTestingKit.framework in Frameworks */ = {isa = PBXBuildFile; fileRef = 1FB6B85F15ADF7670065D216 /* SenTestingKit.framework */; };
		1FB6B86115ADF7670065D216 /* UIKit.framework in Frameworks */ = {isa = PBXBuildFile; fileRef = 1FB6B83E15ADF7670065D216 /* UIKit.framework */; };
		1FB6B86215ADF7670065D216 /* Foundation.framework in Frameworks */ = {isa = PBXBuildFile; fileRef = 1FB6B84015ADF7670065D216 /* Foundation.framework */; };
		1FB6B86A15ADF7670065D216 /* InfoPlist.strings in Resources */ = {isa = PBXBuildFile; fileRef = 1FB6B86815ADF7670065D216 /* InfoPlist.strings */; };
		1FB6B86D15ADF7670065D216 /* AOC1_Project2Tests.m in Sources */ = {isa = PBXBuildFile; fileRef = 1FB6B86C15ADF7670065D216 /* AOC1_Project2Tests.m */; };
/* End PBXBuildFile section */

/* Begin PBXContainerItemProxy section */
		1FB6B86315ADF7670065D216 /* PBXContainerItemProxy */ = {
			isa = PBXContainerItemProxy;
			containerPortal = 1FB6B83115ADF7670065D216 /* Project object */;
			proxyType = 1;
			remoteGlobalIDString = 1FB6B83915ADF7670065D216;
			remoteInfo = AOC1_Project2;
		};
/* End PBXContainerItemProxy section */

/* Begin PBXFileReference section */
		1FB6B83A15ADF7670065D216 /* AOC1_Project2.app */ = {isa = PBXFileReference; explicitFileType = wrapper.application; includeInIndex = 0; path = AOC1_Project2.app; sourceTree = BUILT_PRODUCTS_DIR; };
		1FB6B83E15ADF7670065D216 /* UIKit.framework */ = {isa = PBXFileReference; lastKnownFileType = wrapper.framework; name = UIKit.framework; path = System/Library/Frameworks/UIKit.framework; sourceTree = SDKROOT; };
		1FB6B84015ADF7670065D216 /* Foundation.framework */ = {isa = PBXFileReference; lastKnownFileType = wrapper.framework; name = Foundation.framework; path = System/Library/Frameworks/Foundation.framework; sourceTree = SDKROOT; };
		1FB6B84215ADF7670065D216 /* CoreGraphics.framework */ = {isa = PBXFileReference; lastKnownFileType = wrapper.framework; name = CoreGraphics.framework; path = System/Library/Frameworks/CoreGraphics.framework; sourceTree = SDKROOT; };
		1FB6B84615ADF7670065D216 /* AOC1_Project2-Info.plist */ = {isa = PBXFileReference; path = "AOC1_Project2-Info.plist"; sourceTree = "<group>"; };
		1FB6B84815ADF7670065D216 /* en */ = {isa = PBXFileReference; lastKnownFileType = text.plist.strings; name = en; path = en.lproj/InfoPlist.strings; sourceTree = "<group>"; };
		1FB6B84A15ADF7670065D216 /* main.m */ = {isa = PBXFileReference; lastKnownFileType = sourcecode.c.objc; path = main.m; sourceTree = "<group>"; };
		1FB6B84C15ADF7670065D216 /* AOC1_Project2-Prefix.pch */ = {isa = PBXFileReference; path = "AOC1_Project2-Prefix.pch"; sourceTree = "<group>"; };
		1FB6B84D15ADF7670065D216 /* AppDelegate.h */ = {isa = PBXFileReference; path = AppDelegate.h; sourceTree = "<group>"; };
		1FB6B84E15ADF7670065D216 /* AppDelegate.m */ = {isa = PBXFileReference; lastKnownFileType = sourcecode.c.objc; path = AppDelegate.m; sourceTree = "<group>"; };
		1FB6B85115ADF7670065D216 /* en */ = {isa = PBXFileReference; lastKnownFileType = file.storyboard; name = en; path = en.lproj/MainStoryboard_iPhone.storyboard; sourceTree = "<group>"; };
		1FB6B85415ADF7670065D216 /* en */ = {isa = PBXFileReference; lastKnownFileType = file.storyboard; name = en; path = en.lproj/MainStoryboard_iPad.storyboard; sourceTree = "<group>"; };
		1FB6B85615ADF7670065D216 /* ViewController.h */ = {isa = PBXFileReference; path = ViewController.h; sourceTree = "<group>"; };
		1FB6B85715ADF7670065D216 /* ViewController.m */ = {isa = PBXFileReference; lastKnownFileType = sourcecode.c.objc; path = ViewController.m; sourceTree = "<group>"; };
		1FB6B85E15ADF7670065D216 /* AOC1_Project2Tests.octest */ = {isa = PBXFileReference; explicitFileType = wrapper.cfbundle; includeInIndex = 0; path = AOC1_Project2Tests.octest; sourceTree = BUILT_PRODUCTS_DIR; };
		1FB6B85F15ADF7670065D216 /* SenTestingKit.framework */ = {isa = PBXFileReference; lastKnownFileType = wrapper.framework; name = SenTestingKit.framework; path = Library/Frameworks/SenTestingKit.framework; sourceTree = DEVELOPER_DIR; };
		1FB6B86715ADF7670065D216 /* AOC1_Project2Tests-Info.plist */ = {isa = PBXFileReference; path = "AOC1_Project2Tests-Info.plist"; sourceTree = "<group>"; };
		1FB6B86915ADF7670065D216 /* en */ = {isa = PBXFileReference; lastKnownFileType = text.plist.strings; name = en; path = en.lproj/InfoPlist.strings; sourceTree = "<group>"; };
		1FB6B86B15ADF7670065D216 /* AOC1_Project2Tests.h */ = {isa = PBXFileReference; path = AOC1_Project2Tests.h; sourceTree = "<group>"; };
		1FB6B86C15ADF7670065D216 /* AOC1_Project2Tests.m */ = {isa = PBXFileReference; lastKnownFileType = sourcecode.c.objc; path = AOC1_Project2Tests.m; sourceTree = "<group>"; };
/* End PBXFileReference section */

/* Begin PBXFrameworksBuildPhase section */
		1FB6B83715ADF7670065D216 /* Frameworks */ = {
			isa = PBXFrameworksBuildPhase;
			buildActionMask = 2147483647;
			files = (
				1FB6B83F15ADF7670065D216 /* UIKit.framework in Frameworks */,
				1FB6B84115ADF7670065D216 /* Foundation.framework in Frameworks */,
				1FB6B84315ADF7670065D216 /* CoreGraphics.framework in Frameworks */,
			);
			runOnlyForDeploymentPostprocessing = 0;
		};
		1FB6B85A15ADF7670065D216 /* Frameworks */ = {
			isa = PBXFrameworksBuildPhase;
			buildActionMask = 2147483647;
			files = (
				1FB6B86015ADF7670065D216 /* SenTestingKit.framework in Frameworks */,
				1FB6B86115ADF7670065D216 /* UIKit.framework in Frameworks */,
				1FB6B86215ADF7670065D216 /* Foundation.framework in Frameworks */,
			);
			runOnlyForDeploymentPostprocessing = 0;
		};
/* End PBXFrameworksBuildPhase section */

/* Begin PBXGroup section */
		1FB6B82F15ADF7670065D216 = {
			isa = PBXGroup;
			children = (
				1FB6B84415ADF7670065D216 /* AOC1_Project2 */,
				1FB6B86515ADF7670065D216 /* AOC1_Project2Tests */,
				1FB6B83D15ADF7670065D216 /* Frameworks */,
				1FB6B83B15ADF7670065D216 /* Products */,
			);
			sourceTree = "<group>";
		};
		1FB6B83B15ADF7670065D216 /* Products */ = {
			isa = PBXGroup;
			children = (
				1FB6B83A15ADF7670065D216 /* AOC1_Project2.app */,
				1FB6B85E15ADF7670065D216 /* AOC1_Project2Tests.octest */,
			);
			name = Products;
			sourceTree = "<group>";
		};
		1FB6B83D15ADF7670065D216 /* Frameworks */ = {
			isa = PBXGroup;
			children = (
				1FB6B83E15ADF7670065D216 /* UIKit.framework */,
				1FB6B84015ADF7670065D216 /* Foundation.framework */,
				1FB6B84215ADF7670065D216 /* CoreGraphics.framework */,
				1FB6B85F15ADF7670065D216 /* SenTestingKit.framework */,
			);
			name = Frameworks;
			sourceTree = "<group>";
		};
		1FB6B84415ADF7670065D216 /* AOC1_Project2 */ = {
			isa = PBXGroup;
			children = (
				1FB6B84D15ADF7670065D216 /* AppDelegate.h */,
				1FB6B84E15ADF7670065D216 /* AppDelegate.m */,
				1FB6B85015ADF7670065D216 /* MainStoryboard_iPhone.storyboard */,
				1FB6B85315ADF7670065D216 /* MainStoryboard_iPad.storyboard */,
				1FB6B85615ADF7670065D216 /* ViewController.h */,
				1FB6B85715ADF7670065D216 /* ViewController.m */,
				1FB6B84515ADF7670065D216 /* Supporting Files */,
			);
			path = AOC1_Project2;
			sourceTree = "<group>";
		};
		1FB6B84515ADF7670065D216 /* Supporting Files */ = {
			isa = PBXGroup;
			children = (
				1FB6B84615ADF7670065D216 /* AOC1_Project2-Info.plist */,
				1FB6B84715ADF7670065D216 /* InfoPlist.strings */,
				1FB6B84A15ADF7670065D216 /* main.m */,
				1FB6B84C15ADF7670065D216 /* AOC1_Project2-Prefix.pch */,
			);
			name = "Supporting Files";
			sourceTree = "<group>";
		};
		1FB6B86515ADF7670065D216 /* AOC1_Project2Tests */ = {
			isa = PBXGroup;
			children = (
				1FB6B86B15ADF7670065D216 /* AOC1_Project2Tests.h */,
				1FB6B86C15ADF7670065D216 /* AOC1_Project2Tests.m */,
				1FB6B86615ADF7670065D216 /* Supporting Files */,
			);
			path = AOC1_Project2Tests;
			sourceTree = "<group>";
		};
		1FB6B86615ADF7670065D216 /* Supporting Files */ = {
			isa = PBXGroup;
			children = (
				1FB6B86715ADF7670065D216 /* AOC1_Project2Tests-Info.plist */,
				1FB6B86815ADF7670065D216 /* InfoPlist.strings */,
			);
			name = "Supporting Files";
			sourceTree = "<group>";
		};
/* End PBXGroup section */

/* Begin PBXNativeTarget section */
		1FB6B83915ADF7670065D216 /* AOC1_Project2 */ = {
			isa = PBXNativeTarget;
			buildConfigurationList = 1FB6B87015ADF7670065D216 /* Build configuration list for PBXNativeTarget "AOC1_Project2" */;
			buildPhases = (
				1FB6B83615ADF7670065D216 /* Sources */,
				1FB6B83715ADF7670065D216 /* Frameworks */,
				1FB6B83815ADF7670065D216 /* Resources */,
			);
			buildRules = (
			);
			dependencies = (
			);
			name = AOC1_Project2;
			productName = AOC1_Project2;
			productReference = 1FB6B83A15ADF7670065D216 /* AOC1_Project2.app */;
			productType = "com.apple.product-type.application";
		};
		1FB6B85D15ADF7670065D216 /* AOC1_Project2Tests */ = {
			isa = PBXNativeTarget;
			buildConfigurationList = 1FB6B87315ADF7670065D216 /* Build configuration list for PBXNativeTarget "AOC1_Project2Tests" */;
			buildPhases = (
				1FB6B85915ADF7670065D216 /* Sources */,
				1FB6B85A15ADF7670065D216 /* Frameworks */,
				1FB6B85B15ADF7670065D216 /* Resources */,
				1FB6B85C15ADF7670065D216 /* ShellScript */,
			);
			buildRules = (
			);
			dependencies = (
				1FB6B86415ADF7670065D216 /* PBXTargetDependency */,
			);
			name = AOC1_Project2Tests;
			productName = AOC1_Project2Tests;
			productReference = 1FB6B85E15ADF7670065D216 /* AOC1_Project2Tests.octest */;
			productType = "com.apple.product-type.bundle";
		};
/* End PBXNativeTarget section */

/* Begin PBXProject section */
		1FB6B83115ADF7670065D216 /* Project object */ = {
			isa = PBXProject;
			attributes = {
				LastUpgradeCheck = 0430;
				ORGANIZATIONNAME = "Full Sail";
			};
			buildConfigurationList = 1FB6B83415ADF7670065D216 /* Build configuration list for PBXProject "AOC1_Project2" */;
			compatibilityVersion = "Xcode 3.2";
			developmentRegion = English;
			hasScannedForEncodings = 0;
			knownRegions = (
				en,
			);
			mainGroup = 1FB6B82F15ADF7670065D216;
			productRefGroup = 1FB6B83B15ADF7670065D216 /* Products */;
			projectDirPath = "";
			projectRoot = "";
			targets = (
				1FB6B83915ADF7670065D216 /* AOC1_Project2 */,
				1FB6B85D15ADF7670065D216 /* AOC1_Project2Tests */,
			);
		};
/* End PBXProject section */

/* Begin PBXResourcesBuildPhase section */
		1FB6B83815ADF7670065D216 /* Resources */ = {
			isa = PBXResourcesBuildPhase;
			buildActionMask = 2147483647;
			files = (
				1FB6B84915ADF7670065D216 /* InfoPlist.strings in Resources */,
				1FB6B85215ADF7670065D216 /* MainStoryboard_iPhone.storyboard in Resources */,
				1FB6B85515ADF7670065D216 /* MainStoryboard_iPad.storyboard in Resources */,
			);
			runOnlyForDeploymentPostprocessing = 0;
		};
		1FB6B85B15ADF7670065D216 /* Resources */ = {
			isa = PBXResourcesBuildPhase;
			buildActionMask = 2147483647;
			files = (
				1FB6B86A15ADF7670065D216 /* InfoPlist.strings in Resources */,
			);
			runOnlyForDeploymentPostprocessing = 0;
		};
/* End PBXResourcesBuildPhase section */

/* Begin PBXShellScriptBuildPhase section */
		1FB6B85C15ADF7670065D216 /* ShellScript */ = {
			isa = PBXShellScriptBuildPhase;
			buildActionMask = 2147483647;
			files = (
			);
			inputPaths = (
			);
			outputPaths = (
			);
			runOnlyForDeploymentPostprocessing = 0;
			shellPath = /bin/sh;
			shellScript = "# Run the unit tests in this test bundle.\n\"${SYSTEM_DEVELOPER_DIR}/Tools/RunUnitTests\"\n";
		};
/* End PBXShellScriptBuildPhase section */

/* Begin PBXSourcesBuildPhase section */
		1FB6B83615ADF7670065D216 /* Sources */ = {
			isa = PBXSourcesBuildPhase;
			buildActionMask = 2147483647;
			files = (
				1FB6B84B15ADF7670065D216 /* main.m in Sources */,
				1FB6B84F15ADF7670065D216 /* AppDelegate.m in Sources */,
				1FB6B85815ADF7670065D216 /* ViewController.m in Sources */,
			);
			runOnlyForDeploymentPostprocessing = 0;
		};
		1FB6B85915ADF7670065D216 /* Sources */ = {
			isa = PBXSourcesBuildPhase;
			buildActionMask = 2147483647;
			files = (
				1FB6B86D15ADF7670065D216 /* AOC1_Project2Tests.m in Sources */,
			);
			runOnlyForDeploymentPostprocessing = 0;
		};
/* End PBXSourcesBuildPhase section */

/* Begin PBXTargetDependency section */
		1FB6B86415ADF7670065D216 /* PBXTargetDependency */ = {
			isa = PBXTargetDependency;
			target = 1FB6B83915ADF7670065D216 /* AOC1_Project2 */;
			targetProxy = 1FB6B86315ADF7670065D216 /* PBXContainerItemProxy */;
		};
/* End PBXTargetDependency section */

/* Begin PBXVariantGroup section */
		1FB6B84715ADF7670065D216 /* InfoPlist.strings */ = {
			isa = PBXVariantGroup;
			children = (
				1FB6B84815ADF7670065D216 /* en */,
			);
			name = InfoPlist.strings;
			sourceTree = "<group>";
		};
		1FB6B85015ADF7670065D216 /* MainStoryboard_iPhone.storyboard */ = {
			isa = PBXVariantGroup;
			children = (
				1FB6B85115ADF7670065D216 /* en */,
			);
			name = MainStoryboard_iPhone.storyboard;
			sourceTree = "<group>";
		};
		1FB6B85315ADF7670065D216 /* MainStoryboard_iPad.storyboard */ = {
			isa = PBXVariantGroup;
			children = (
				1FB6B85415ADF7670065D216 /* en */,
			);
			name = MainStoryboard_iPad.storyboard;
			sourceTree = "<group>";
		};
		1FB6B86815ADF7670065D216 /* InfoPlist.strings */ = {
			isa = PBXVariantGroup;
			children = (
				1FB6B86915ADF7670065D216 /* en */,
			);
			name = InfoPlist.strings;
			sourceTree = "<group>";
		};
/* End PBXVariantGroup section */

/* Begin XCBuildConfiguration section */
		1FB6B86E15ADF7670065D216 /* Debug */ = {
			isa = XCBuildConfiguration;
			buildSettings = {
				ALWAYS_SEARCH_USER_PATHS = NO;
				ARCHS = "$(ARCHS_STANDARD_32_BIT)";
				"CODE_SIGN_IDENTITY[sdk=iphoneos*]" = "iPhone Developer";
				COPY_PHASE_STRIP = NO;
				GCC_C_LANGUAGE_STANDARD = gnu99;
				GCC_DYNAMIC_NO_PIC = NO;
				GCC_OPTIMIZATION_LEVEL = 0;
				GCC_PREPROCESSOR_DEFINITIONS = (
					"DEBUG=1",
					"$(inherited)",
				);
				GCC_SYMBOLS_PRIVATE_EXTERN = NO;
				GCC_VERSION = com.apple.compilers.llvm.clang.1_0;
				GCC_WARN_ABOUT_RETURN_TYPE = YES;
				GCC_WARN_UNINITIALIZED_AUTOS = YES;
				GCC_WARN_UNUSED_VARIABLE = YES;
				IPHONEOS_DEPLOYMENT_TARGET = 5.1;
				SDKROOT = iphoneos;
				TARGETED_DEVICE_FAMILY = "1,2";
			};
			name = Debug;
		};
		1FB6B86F15ADF7670065D216 /* Release */ = {
			isa = XCBuildConfiguration;
			buildSettings = {
				ALWAYS_SEARCH_USER_PATHS = NO;
				ARCHS = "$(ARCHS_STANDARD_32_BIT)";
				"CODE_SIGN_IDENTITY[sdk=iphoneos*]" = "iPhone Developer";
				COPY_PHASE_STRIP = YES;
				GCC_C_LANGUAGE_STANDARD = gnu99;
				GCC_VERSION = com.apple.compilers.llvm.clang.1_0;
				GCC_WARN_ABOUT_RETURN_TYPE = YES;
				GCC_WARN_UNINITIALIZED_AUTOS = YES;
				GCC_WARN_UNUSED_VARIABLE = YES;
				IPHONEOS_DEPLOYMENT_TARGET = 5.1;
				OTHER_CFLAGS = "-DNS_BLOCK_ASSERTIONS=1";
				SDKROOT = iphoneos;
				TARGETED_DEVICE_FAMILY = "1,2";
				VALIDATE_PRODUCT = YES;
			};
			name = Release;
		};
		1FB6B87115ADF7670065D216 /* Debug */ = {
			isa = XCBuildConfiguration;
			buildSettings = {
				GCC_PRECOMPILE_PREFIX_HEADER = YES;
				GCC_PREFIX_HEADER = "AOC1_Project2/AOC1_Project2-Prefix.pch";
				INFOPLIST_FILE = "AOC1_Project2/AOC1_Project2-Info.plist";
				PRODUCT_NAME = "$(TARGET_NAME)";
				WRAPPER_EXTENSION = app;
			};
			name = Debug;
		};
		1FB6B87215ADF7670065D216 /* Release */ = {
			isa = XCBuildConfiguration;
			buildSettings = {
				GCC_PRECOMPILE_PREFIX_HEADER = YES;
				GCC_PREFIX_HEADER = "AOC1_Project2/AOC1_Project2-Prefix.pch";
				INFOPLIST_FILE = "AOC1_Project2/AOC1_Project2-Info.plist";
				PRODUCT_NAME = "$(TARGET_NAME)";
				WRAPPER_EXTENSION = app;
			};
			name = Release;
		};
		1FB6B87415ADF7670065D216 /* Debug */ = {
			isa = XCBuildConfiguration;
			buildSettings = {
				BUNDLE_LOADER = "$(BUILT_PRODUCTS_DIR)/AOC1_Project2.app/AOC1_Project2";
				FRAMEWORK_SEARCH_PATHS = (
					"$(SDKROOT)/Developer/Library/Frameworks",
					"$(DEVELOPER_LIBRARY_DIR)/Frameworks",
				);
				GCC_PRECOMPILE_PREFIX_HEADER = YES;
				GCC_PREFIX_HEADER = "AOC1_Project2/AOC1_Project2-Prefix.pch";
				INFOPLIST_FILE = "AOC1_Project2Tests/AOC1_Project2Tests-Info.plist";
				PRODUCT_NAME = "$(TARGET_NAME)";
				TEST_HOST = "$(BUNDLE_LOADER)";
				WRAPPER_EXTENSION = octest;
			};
			name = Debug;
		};
		1FB6B87515ADF7670065D216 /* Release */ = {
			isa = XCBuildConfiguration;
			buildSettings = {
				BUNDLE_LOADER = "$(BUILT_PRODUCTS_DIR)/AOC1_Project2.app/AOC1_Project2";
				FRAMEWORK_SEARCH_PATHS = (
					"$(SDKROOT)/Developer/Library/Frameworks",
					"$(DEVELOPER_LIBRARY_DIR)/Frameworks",
				);
				GCC_PRECOMPILE_PREFIX_HEADER = YES;
				GCC_PREFIX_HEADER = "AOC1_Project2/AOC1_Project2-Prefix.pch";
				INFOPLIST_FILE = "AOC1_Project2Tests/AOC1_Project2Tests-Info.plist";
				PRODUCT_NAME = "$(TARGET_NAME)";
				TEST_HOST = "$(BUNDLE_LOADER)";
				WRAPPER_EXTENSION = octest;
			};
			name = Release;
		};
/* End XCBuildConfiguration section */

/* Begin XCConfigurationList section */
		1FB6B83415ADF7670065D216 /* Build configuration list for PBXProject "AOC1_Project2" */ = {
			isa = XCConfigurationList;
			buildConfigurations = (
				1FB6B86E15ADF7670065D216 /* Debug */,
				1FB6B86F15ADF7670065D216 /* Release */,
			);
			defaultConfigurationIsVisible = 0;
			defaultConfigurationName = Release;
		};
		1FB6B87015ADF7670065D216 /* Build configuration list for PBXNativeTarget "AOC1_Project2" */ = {
			isa = XCConfigurationList;
			buildConfigurations = (
				1FB6B87115ADF7670065D216 /* Debug */,
				1FB6B87215ADF7670065D216 /* Release */,
			);
			defaultConfigurationIsVisible = 0;
		};
		1FB6B87315ADF7670065D216 /* Build configuration list for PBXNativeTarget "AOC1_Project2Tests" */ = {
			isa = XCConfigurationList;
			buildConfigurations = (
				1FB6B87415ADF7670065D216 /* Debug */,
				1FB6B87515ADF7670065D216 /* Release */,
			);
			defaultConfigurationIsVisible = 0;
		};
/* End XCConfigurationList section */
	};
	rootObject = 1FB6B83115ADF7670065D216 /* Project object */;
}
